{
    "_readme": [
        "This file locks the dependencies of your project to a known state",
        "Read more about it at https://getcomposer.org/doc/01-basic-usage.md#installing-dependencies",
        "This file is @generated automatically"
    ],
    "content-hash": "cf6395081984da881c1ccfb995f9d37d",
    "packages": [
        {
            "name": "umpirsky/locale-list",
            "version": "1.0.0",
            "source": {
                "type": "git",
                "url": "https://github.com/umpirsky/locale-list.git",
                "reference": "8141f749e16e568a5a9f7e813c50f72efa794c2e"
            },
            "dist": {
                "type": "zip",
                "url": "https://api.github.com/repos/umpirsky/locale-list/zipball/8141f749e16e568a5a9f7e813c50f72efa794c2e",
                "reference": "8141f749e16e568a5a9f7e813c50f72efa794c2e",
                "shasum": ""
            },
            "require": {
                "php": ">=5.4"
            },
            "require-dev": {
                "symfony/locale": "^2.7|^3.0",
                "umpirsky/list-generator": "^1.1"
            },
            "type": "library",
            "notification-url": "https://packagist.org/downloads/",
            "license": [
                "MIT"
            ],
            "authors": [
                {
                    "name": "Saša Stamenković",
                    "email": "umpirsky@gmail.com"
                }
            ],
            "description": "List of all locales with names and codes in all languages and all data formats.",
            "time": "2018-06-01T17:50:07+00:00"
        }
    ],
    "packages-dev": [],
    "aliases": [],
    "minimum-stability": "stable",
    "stability-flags": [],
    "prefer-stable": false,
    "prefer-lowest": false,
    "platform": [],
    "platform-dev": []
}
